{
  "name": "spacedoc-js",
  "version": "0.3.0",
  "lockfileVersion": 1,
  "requires": true,
  "dependencies": {
    "acorn": {
      "version": "3.3.0",
      "resolved": "https://registry.npmjs.org/acorn/-/acorn-3.3.0.tgz",
      "integrity": "sha1-ReN/s56No/JbruP/U2niu18iAXo="
    },
    "acorn-jsx": {
      "version": "3.0.1",
      "resolved": "https://registry.npmjs.org/acorn-jsx/-/acorn-jsx-3.0.1.tgz",
      "integrity": "sha1-r9+UiPsezvyDSPb7IvRk4ypYs2s=",
      "requires": {
        "acorn": "3.3.0"
      }
    },
    "array-back": {
      "version": "1.0.4",
      "resolved": "https://registry.npmjs.org/array-back/-/array-back-1.0.4.tgz",
      "integrity": "sha1-ZEun8JX3/898Q7Xw3DnTwfA8Bjs=",
      "requires": {
        "typical": "2.6.1"
      }
    },
    "balanced-match": {
      "version": "1.0.0",
      "resolved": "https://registry.npmjs.org/balanced-match/-/balanced-match-1.0.0.tgz",
      "integrity": "sha1-ibTRmasr7kneFk6gK4nORi1xt2c="
    },
    "bluebird": {
      "version": "3.4.7",
      "resolved": "https://registry.npmjs.org/bluebird/-/bluebird-3.4.7.tgz",
      "integrity": "sha1-9y12C+Cbf3bQjtj66Ysomo0F+rM="
    },
    "brace-expansion": {
      "version": "1.1.11",
      "resolved": "https://registry.npmjs.org/brace-expansion/-/brace-expansion-1.1.11.tgz",
      "integrity": "sha512-iCuPHDFgrHX7H2vEI/5xpz07zSHB00TpugqhmYtVmMO6518mCuRMoOYFldEBl0g187ufozdaHgWKcYFb61qGiA==",
      "requires": {
        "balanced-match": "1.0.0",
        "concat-map": "0.0.1"
      }
    },
    "cache-point": {
      "version": "0.3.4",
      "resolved": "https://registry.npmjs.org/cache-point/-/cache-point-0.3.4.tgz",
      "integrity": "sha1-FS21Asa7I7WqP2Y+Iw1d6OxOTz8=",
      "requires": {
        "array-back": "1.0.4",
        "core-js": "2.5.3",
        "feature-detect-es6": "1.4.0",
        "fs-then-native": "1.0.2",
        "mkdirp": "0.5.1"
      }
    },
    "catharsis": {
      "version": "0.8.9",
      "resolved": "https://registry.npmjs.org/catharsis/-/catharsis-0.8.9.tgz",
      "integrity": "sha1-mMyJDKZS3S7w5ws3klMQ/56Q/Is=",
      "requires": {
        "underscore-contrib": "0.3.0"
      }
    },
    "collect-all": {
      "version": "1.0.3",
      "resolved": "https://registry.npmjs.org/collect-all/-/collect-all-1.0.3.tgz",
      "integrity": "sha512-0y0rBgoX8IzIjBAUnO73SEtSb4Mhk3IoceWJq5zZSxb9mWORhWH8xLYo4EDSOE1jRBk1LhmfjqWFFt10h/+MEA==",
      "requires": {
        "stream-connect": "1.0.2",
        "stream-via": "1.0.4"
      }
    },
    "concat-map": {
      "version": "0.0.1",
      "resolved": "https://registry.npmjs.org/concat-map/-/concat-map-0.0.1.tgz",
      "integrity": "sha1-2Klr13/Wjfd5OnMDajug1UBdR3s="
    },
    "core-js": {
      "version": "2.5.3",
      "resolved": "https://registry.npmjs.org/core-js/-/core-js-2.5.3.tgz",
      "integrity": "sha1-isw4NFgk8W2DZbfJtCWRaOjtYD4="
    },
    "escape-string-regexp": {
      "version": "1.0.5",
      "resolved": "https://registry.npmjs.org/escape-string-regexp/-/escape-string-regexp-1.0.5.tgz",
      "integrity": "sha1-G2HAViGQqN/2rjuyzwIAyhMLhtQ="
    },
    "espree": {
      "version": "3.1.7",
      "resolved": "https://registry.npmjs.org/espree/-/espree-3.1.7.tgz",
      "integrity": "sha1-/V3ux2qXpRIKnNOnyxF3oJI7EdI=",
      "requires": {
        "acorn": "3.3.0",
        "acorn-jsx": "3.0.1"
      }
    },
    "feature-detect-es6": {
      "version": "1.4.0",
      "resolved": "https://registry.npmjs.org/feature-detect-es6/-/feature-detect-es6-1.4.0.tgz",
      "integrity": "sha512-7OnRV38WLydGuGcdm/fGk2SG9uo5ljslBSbPhCfEW5Gl0lX/IliaAVXYiYUBcI0UHTbepqO4T1SkJ74K8gtcDg==",
      "requires": {
        "array-back": "1.0.4"
      }
    },
    "file-set": {
      "version": "1.1.1",
      "resolved": "https://registry.npmjs.org/file-set/-/file-set-1.1.1.tgz",
      "integrity": "sha1-0+xwwIDsjxjyBLod4QZ4DJBWkms=",
      "requires": {
        "array-back": "1.0.4",
        "glob": "7.1.2"
      }
    },
    "fs-then-native": {
      "version": "1.0.2",
      "resolved": "https://registry.npmjs.org/fs-then-native/-/fs-then-native-1.0.2.tgz",
      "integrity": "sha1-rI04B8nxu9Enlgf7Io4Ktkm7Qf4=",
      "requires": {
        "feature-detect-es6": "1.4.0"
      }
    },
    "fs.realpath": {
      "version": "1.0.0",
      "resolved": "https://registry.npmjs.org/fs.realpath/-/fs.realpath-1.0.0.tgz",
      "integrity": "sha1-FQStJSMVjKpA20onh8sBQRmU6k8="
    },
    "glob": {
      "version": "7.1.2",
      "resolved": "https://registry.npmjs.org/glob/-/glob-7.1.2.tgz",
      "integrity": "sha512-MJTUg1kjuLeQCJ+ccE4Vpa6kKVXkPYJ2mOCQyUuKLcLQsdrMCpBPUi8qVE6+YuaJkozeA9NusTAw3hLr8Xe5EQ==",
      "requires": {
        "fs.realpath": "1.0.0",
        "inflight": "1.0.6",
        "inherits": "2.0.3",
        "minimatch": "3.0.4",
        "once": "1.4.0",
        "path-is-absolute": "1.0.1"
      }
    },
    "graceful-fs": {
      "version": "4.1.11",
      "resolved": "https://registry.npmjs.org/graceful-fs/-/graceful-fs-4.1.11.tgz",
      "integrity": "sha1-Dovf5NHduIVNZOBOp8AOKgJuVlg=",
      "optional": true
    },
    "inflight": {
      "version": "1.0.6",
      "resolved": "https://registry.npmjs.org/inflight/-/inflight-1.0.6.tgz",
      "integrity": "sha1-Sb1jMdfQLQwJvJEKEHW6gWW1bfk=",
      "requires": {
        "once": "1.4.0",
        "wrappy": "1.0.2"
      }
    },
    "inherits": {
      "version": "2.0.3",
      "resolved": "https://registry.npmjs.org/inherits/-/inherits-2.0.3.tgz",
      "integrity": "sha1-Yzwsg+PaQqUC9SRmAiSA9CCCYd4="
    },
    "js2xmlparser": {
      "version": "1.0.0",
      "resolved": "https://registry.npmjs.org/js2xmlparser/-/js2xmlparser-1.0.0.tgz",
      "integrity": "sha1-WhcPLo1kds5FQF4EgjJCUTeC/jA="
    },
    "jsdoc-75lb": {
      "version": "3.6.0",
      "resolved": "https://registry.npmjs.org/jsdoc-75lb/-/jsdoc-75lb-3.6.0.tgz",
      "integrity": "sha1-qAcRlSi0AJzLyrSbdSL2P+xs0L0=",
      "requires": {
        "bluebird": "3.4.7",
        "catharsis": "0.8.9",
        "escape-string-regexp": "1.0.5",
        "espree": "3.1.7",
        "js2xmlparser": "1.0.0",
        "klaw": "1.3.1",
        "marked": "0.3.18",
        "mkdirp": "0.5.1",
        "requizzle": "0.2.1",
        "strip-json-comments": "2.0.1",
        "taffydb": "2.6.2",
        "underscore": "1.8.3"
      }
    },
    "jsdoc-api": {
      "version": "2.0.6",
      "resolved": "https://registry.npmjs.org/jsdoc-api/-/jsdoc-api-2.0.6.tgz",
      "integrity": "sha1-l4/69zvms+32l5nTWZzHaVuCumU=",
      "requires": {
        "array-back": "1.0.4",
        "cache-point": "0.3.4",
        "collect-all": "1.0.3",
        "core-js": "2.5.3",
        "feature-detect-es6": "1.4.0",
        "file-set": "1.1.1",
        "fs-then-native": "1.0.2",
        "jsdoc-75lb": "3.6.0",
        "object-to-spawn-args": "1.1.1",
        "temp-path": "1.0.0",
        "walk-back": "2.0.1"
      }
    },
    "klaw": {
      "version": "1.3.1",
      "resolved": "https://registry.npmjs.org/klaw/-/klaw-1.3.1.tgz",
      "integrity": "sha1-QIhDO0azsbolnXh4XY6W9zugJDk=",
      "requires": {
        "graceful-fs": "4.1.11"
      }
    },
    "marked": {
      "version": "0.3.18",
      "resolved": "https://registry.npmjs.org/marked/-/marked-0.3.18.tgz",
      "integrity": "sha512-49i2QYhfULqaXzNZpxC808PisuCTGT2fgG0zrzdCI9N3rIfAWfW0nggvbXr6zvpynZdOG5+9xNxdzP0kwZnERw=="
    },
    "minimatch": {
      "version": "3.0.4",
      "resolved": "https://registry.npmjs.org/minimatch/-/minimatch-3.0.4.tgz",
      "integrity": "sha512-yJHVQEhyqPLUTgt9B83PXu6W3rx4MvvHvSUvToogpwoGDOUQ+yDrR0HRot+yOCdCO7u4hX3pWft6kWBBcqh0UA==",
      "requires": {
        "brace-expansion": "1.1.11"
      }
    },
    "minimist": {
      "version": "0.0.8",
      "resolved": "https://registry.npmjs.org/minimist/-/minimist-0.0.8.tgz",
      "integrity": "sha1-hX/Kv8M5fSYluCKCYuhqp6ARsF0="
    },
    "mkdirp": {
      "version": "0.5.1",
      "resolved": "https://registry.npmjs.org/mkdirp/-/mkdirp-0.5.1.tgz",
      "integrity": "sha1-MAV0OOrGz3+MR2fzhkjWaX11yQM=",
      "requires": {
        "minimist": "0.0.8"
      }
    },
    "object-to-spawn-args": {
      "version": "1.1.1",
      "resolved": "https://registry.npmjs.org/object-to-spawn-args/-/object-to-spawn-args-1.1.1.tgz",
      "integrity": "sha1-d9qIJ/Bz0BHJ4bFz+JV4FHAkZ4U="
    },
    "once": {
      "version": "1.4.0",
      "resolved": "https://registry.npmjs.org/once/-/once-1.4.0.tgz",
      "integrity": "sha1-WDsap3WWHUsROsF9nFC6753Xa9E=",
      "requires": {
        "wrappy": "1.0.2"
      }
    },
    "path-is-absolute": {
      "version": "1.0.1",
      "resolved": "https://registry.npmjs.org/path-is-absolute/-/path-is-absolute-1.0.1.tgz",
      "integrity": "sha1-F0uSaHNVNP+8es5r9TpanhtcX18="
    },
    "requizzle": {
      "version": "0.2.1",
      "resolved": "https://registry.npmjs.org/requizzle/-/requizzle-0.2.1.tgz",
      "integrity": "sha1-aUPDUwxNmn5G8c3dUcFY/GcM294=",
      "requires": {
        "underscore": "1.6.0"
      },
      "dependencies": {
        "underscore": {
          "version": "1.6.0",
          "resolved": "https://registry.npmjs.org/underscore/-/underscore-1.6.0.tgz",
          "integrity": "sha1-izixDKze9jM3uLJOT/htRa6lKag="
        }
      }
    },
    "stream-connect": {
      "version": "1.0.2",
      "resolved": "https://registry.npmjs.org/stream-connect/-/stream-connect-1.0.2.tgz",
      "integrity": "sha1-GLyB8u2zW4tdmoAJIAqYUxRCipc=",
      "requires": {
        "array-back": "1.0.4"
      }
    },
    "stream-via": {
      "version": "1.0.4",
      "resolved": "https://registry.npmjs.org/stream-via/-/stream-via-1.0.4.tgz",
      "integrity": "sha512-DBp0lSvX5G9KGRDTkR/R+a29H+Wk2xItOF+MpZLLNDWbEV9tGPnqLPxHEYjmiz8xGtJHRIqmI+hCjmNzqoA4nQ=="
    },
    "strip-json-comments": {
      "version": "2.0.1",
      "resolved": "https://registry.npmjs.org/strip-json-comments/-/strip-json-comments-2.0.1.tgz",
      "integrity": "sha1-PFMZQukIwml8DsNEhYwobHygpgo="
    },
    "taffydb": {
      "version": "2.6.2",
      "resolved": "https://registry.npmjs.org/taffydb/-/taffydb-2.6.2.tgz",
      "integrity": "sha1-fLy2S1oUG2ou/CxdLGe04VCyomg="
    },
    "temp-path": {
      "version": "1.0.0",
      "resolved": "https://registry.npmjs.org/temp-path/-/temp-path-1.0.0.tgz",
      "integrity": "sha1-JLFUOXOrRCiW2a02fdnL2/r+kYs="
    },
    "typical": {
      "version": "2.6.1",
      "resolved": "https://registry.npmjs.org/typical/-/typical-2.6.1.tgz",
      "integrity": "sha1-XAgOXWYcu+OCWdLnCjxyU+hziB0="
    },
    "underscore": {
      "version": "1.8.3",
      "resolved": "https://registry.npmjs.org/underscore/-/underscore-1.8.3.tgz",
      "integrity": "sha1-Tz+1OxBuYJf8+ctBCfKl6b36UCI="
    },
    "underscore-contrib": {
      "version": "0.3.0",
      "resolved": "https://registry.npmjs.org/underscore-contrib/-/underscore-contrib-0.3.0.tgz",
      "integrity": "sha1-ZltmwkeD+PorGMn4y7Dix9SMJsc=",
      "requires": {
        "underscore": "1.6.0"
      },
      "dependencies": {
        "underscore": {
          "version": "1.6.0",
          "resolved": "https://registry.npmjs.org/underscore/-/underscore-1.6.0.tgz",
          "integrity": "sha1-izixDKze9jM3uLJOT/htRa6lKag="
        }
      }
    },
    "walk-back": {
      "version": "2.0.1",
      "resolved": "https://registry.npmjs.org/walk-back/-/walk-back-2.0.1.tgz",
      "integrity": "sha1-VU4qnYdPrEeoywBr9EwvDEmYoKQ="
    },
    "wrappy": {
      "version": "1.0.2",
      "resolved": "https://registry.npmjs.org/wrappy/-/wrappy-1.0.2.tgz",
      "integrity": "sha1-tSQ9jz7BqjXxNkYFvA0QNuMKtp8="
    }
  }
}
